<?xml version="1.0" encoding="utf-8"?>
<Project ToolsVersion="4.0" xmlns="http://schemas.microsoft.com/developer/msbuild/2003">
  <ItemGroup>
    <Filter Include="Base">
      <UniqueIdentifier>{b8d35555-f96f-4227-afc3-1f82f012e67c}</UniqueIdentifier>
    </Filter>
    <Filter Include="Utils">
      <UniqueIdentifier>{49d540b0-aec5-4db4-8610-617d846c11b7}</UniqueIdentifier>
    </Filter>
    <Filter Include="XML">
      <UniqueIdentifier>{5cfc8283-5e2b-4624-90d9-5fdf9840e8e3}</UniqueIdentifier>
    </Filter>
    <Filter Include="Memory">
      <UniqueIdentifier>{f1c29156-afab-4870-83aa-12ffc3a718c5}</UniqueIdentifier>
    </Filter>
    <Filter Include="Logger">
      <UniqueIdentifier>{46560b85-04ad-436f-8398-eb0dda36fccd}</UniqueIdentifier>
    </Filter>
    <Filter Include="Localization">
      <UniqueIdentifier>{cf0fd4a6-190f-4c71-84cd-07baf999c4f4}</UniqueIdentifier>
    </Filter>
    <Filter Include="Math">
      <UniqueIdentifier>{fe38db23-3591-4071-988b-7cd12f4f08b3}</UniqueIdentifier>
    </Filter>
    <Filter Include="Color">
      <UniqueIdentifier>{d257be82-88f2-4179-bbc3-125a6995a003}</UniqueIdentifier>
    </Filter>
    <Filter Include="Resource">
      <UniqueIdentifier>{a983f7c1-2290-4d01-a36f-4090185fb219}</UniqueIdentifier>
    </Filter>
    <Filter Include="Time">
      <UniqueIdentifier>{351f146f-40d4-433b-855d-f53e4dd9f4a8}</UniqueIdentifier>
    </Filter>
    <Filter Include="Crash Handling">
      <UniqueIdentifier>{277e87cf-29ff-46b3-a08a-39e470e4d44d}</UniqueIdentifier>
    </Filter>
  </ItemGroup>
  <ItemGroup>
    <ClInclude Include="Base\Base.h">
      <Filter>Base</Filter>
    </ClInclude>
    <ClInclude Include="Memory\MemLeaks.h">
      <Filter>Memory</Filter>
    </ClInclude>
    <ClInclude Include="Logger\Logger.h">
      <Filter>Logger</Filter>
    </ClInclude>
    <ClInclude Include="Base\BaseFunctions.h">
      <Filter>Base</Filter>
    </ClInclude>
    <ClInclude Include="Logger\LoggerDefs.h">
      <Filter>Logger</Filter>
    </ClInclude>
    <ClInclude Include="Localization\LocalizationManager.h">
      <Filter>Localization</Filter>
    </ClInclude>
    <ClInclude Include="Localization\LocalizationManagerDefs.h">
      <Filter>Localization</Filter>
    </ClInclude>
    <ClInclude Include="Base\Named.h">
      <Filter>Base</Filter>
    </ClInclude>
    <ClInclude Include="Resource\GameResource.h">
      <Filter>Resource</Filter>
    </ClInclude>
    <ClInclude Include="Resource\GameResourceDefs.h">
      <Filter>Resource</Filter>
    </ClInclude>
    <ClInclude Include="Resource\GameResourceManager.h">
      <Filter>Resource</Filter>
    </ClInclude>
    <ClInclude Include="Color\Color.h">
      <Filter>Color</Filter>
    </ClInclude>
    <ClInclude Include="Utils\BoostCustomFunctions.h">
      <Filter>Utils</Filter>
    </ClInclude>
    <ClInclude Include="Utils\Singleton.h">
      <Filter>Utils</Filter>
    </ClInclude>
    <ClInclude Include="Utils\NullException.h">
      <Filter>Utils</Filter>
    </ClInclude>
    <ClInclude Include="Base\BaseLocations.h">
      <Filter>Base</Filter>
    </ClInclude>
    <ClInclude Include="XML\AEXMLParser.h">
      <Filter>XML</Filter>
    </ClInclude>
    <ClInclude Include="XML\AEXMLWriter.h">
      <Filter>XML</Filter>
    </ClInclude>
    <ClInclude Include="XML\AEXMLDefs.h">
      <Filter>XML</Filter>
    </ClInclude>
    <ClInclude Include="Utils\AERandomDefs.h">
      <Filter>Utils</Filter>
    </ClInclude>
    <ClInclude Include="Time\AETime.h">
      <Filter>Time</Filter>
    </ClInclude>
    <ClInclude Include="Time\AETimeDefs.h">
      <Filter>Time</Filter>
    </ClInclude>
    <ClInclude Include="Time\AETimer.h">
      <Filter>Time</Filter>
    </ClInclude>
    <ClInclude Include="Math\AEMathDefs.h">
      <Filter>Math</Filter>
    </ClInclude>
    <ClInclude Include="Color\AEColorDefs.h">
      <Filter>Color</Filter>
    </ClInclude>
    <ClInclude Include="Base\AEObject.h">
      <Filter>Base</Filter>
    </ClInclude>
    <ClInclude Include="Utils\GlobalConfig.h">
      <Filter>Utils</Filter>
    </ClInclude>
    <ClInclude Include="Utils\GlobalConfigDefs.h">
      <Filter>Utils</Filter>
    </ClInclude>
    <ClInclude Include="Crash Handling\CrashHandler.h">
      <Filter>Crash Handling</Filter>
    </ClInclude>
    <ClInclude Include="Crash Handling\CrashHandlerDefs.h">
      <Filter>Crash Handling</Filter>
    </ClInclude>
    <ClInclude Include="Base\ProjectConfig.h">
      <Filter>Base</Filter>
    </ClInclude>
    <ClInclude Include="precomp_base.h" />
  </ItemGroup>
  <ItemGroup>
    <ClCompile Include="Memory\MemLeaks.cpp">
      <Filter>Memory</Filter>
    </ClCompile>
    <ClCompile Include="Logger\Logger.cpp">
      <Filter>Logger</Filter>
    </ClCompile>
    <ClCompile Include="Localization\LocalizationManager.cpp">
      <Filter>Localization</Filter>
    </ClCompile>
    <ClCompile Include="Base\BaseFunctions.cpp">
      <Filter>Base</Filter>
    </ClCompile>
    <ClCompile Include="Localization\LocalizationManagerDefs.cpp">
      <Filter>Localization</Filter>
    </ClCompile>
    <ClCompile Include="Logger\LoggerDefs.cpp">
      <Filter>Logger</Filter>
    </ClCompile>
    <ClCompile Include="Base\Named.cpp">
      <Filter>Base</Filter>
    </ClCompile>
    <ClCompile Include="Resource\GameResource.cpp">
      <Filter>Resource</Filter>
    </ClCompile>
    <ClCompile Include="Resource\GameResourceManager.cpp">
      <Filter>Resource</Filter>
    </ClCompile>
    <ClCompile Include="Color\Color.cpp">
      <Filter>Color</Filter>
    </ClCompile>
    <ClCompile Include="Utils\BoostCustomFunctions.cpp">
      <Filter>Utils</Filter>
    </ClCompile>
    <ClCompile Include="XML\AEXMLParser.cpp">
      <Filter>XML</Filter>
    </ClCompile>
    <ClCompile Include="XML\AEXMLWriter.cpp">
      <Filter>XML</Filter>
    </ClCompile>
    <ClCompile Include="Utils\AERandomDefs.cpp">
      <Filter>Utils</Filter>
    </ClCompile>
    <ClCompile Include="Time\AETimeDefs.cpp">
      <Filter>Time</Filter>
    </ClCompile>
    <ClCompile Include="Time\AETimer.cpp">
      <Filter>Time</Filter>
    </ClCompile>
    <ClCompile Include="Time\AETime.cpp">
      <Filter>Time</Filter>
    </ClCompile>
    <ClCompile Include="Math\AEMathDefs.cpp">
      <Filter>Math</Filter>
    </ClCompile>
    <ClCompile Include="Color\AEColorDefs.cpp">
      <Filter>Color</Filter>
    </ClCompile>
    <ClCompile Include="Base\AEObject.cpp">
      <Filter>Base</Filter>
    </ClCompile>
    <ClCompile Include="Utils\GlobalConfig.cpp">
      <Filter>Utils</Filter>
    </ClCompile>
    <ClCompile Include="Crash Handling\CrashHandler.cpp">
      <Filter>Crash Handling</Filter>
    </ClCompile>
    <ClCompile Include="precomp_base.cpp" />
  </ItemGroup>
</Project>