<?xml version="1.0" encoding="utf-8"?>
<Project ToolsVersion="4.0" xmlns="http://schemas.microsoft.com/developer/msbuild/2003">
  <ItemGroup>
    <Filter Include="Form Files">
      <UniqueIdentifier>{99349809-55BA-4b9d-BF79-8FDBB0286EB3}</UniqueIdentifier>
      <Extensions>ui</Extensions>
    </Filter>
    <Filter Include="Resource Files">
      <UniqueIdentifier>{D9D6E242-F8AF-46E4-B9FD-80ECBC20BA3E}</UniqueIdentifier>
      <Extensions>qrc;*</Extensions>
      <ParseFiles>false</ParseFiles>
    </Filter>
    <Filter Include="Generated Files">
      <UniqueIdentifier>{71ED8ED8-ACB9-4CE9-BBE1-E00B30144E11}</UniqueIdentifier>
      <Extensions>moc;h;cpp</Extensions>
      <SourceControlFiles>False</SourceControlFiles>
    </Filter>
    <Filter Include="Generated Files\Debug">
      <UniqueIdentifier>{4f6c67af-c755-44e2-b37c-cff24cee12c4}</UniqueIdentifier>
      <Extensions>cpp;moc</Extensions>
      <SourceControlFiles>False</SourceControlFiles>
    </Filter>
    <Filter Include="Generated Files\Release">
      <UniqueIdentifier>{0eff79ca-e8c9-4533-8a9b-d63e58a4ca8f}</UniqueIdentifier>
      <Extensions>cpp;moc</Extensions>
      <SourceControlFiles>False</SourceControlFiles>
    </Filter>
    <Filter Include="Engine Viewer">
      <UniqueIdentifier>{00f09485-75c0-4a88-96d3-0a7f593e2996}</UniqueIdentifier>
    </Filter>
    <Filter Include="Utils">
      <UniqueIdentifier>{c7d094a8-e062-46da-8b95-cb8390132a84}</UniqueIdentifier>
    </Filter>
    <Filter Include="Dialogs">
      <UniqueIdentifier>{0fe67777-543e-459b-abcc-90c923696e65}</UniqueIdentifier>
    </Filter>
    <Filter Include="Dialogs\Raw Game Assets">
      <UniqueIdentifier>{4597f1f6-c46d-4e79-8df3-3e829eb7a5cf}</UniqueIdentifier>
    </Filter>
    <Filter Include="Widgets">
      <UniqueIdentifier>{9196868c-f84a-4793-810d-921c791481e0}</UniqueIdentifier>
    </Filter>
    <Filter Include="Widgets\Engine">
      <UniqueIdentifier>{125d5864-1ce7-4f83-a587-9fc2edaa7e3b}</UniqueIdentifier>
    </Filter>
    <Filter Include="Form Files\Raw Game Assets">
      <UniqueIdentifier>{43131cf6-c63b-4732-aced-1c618d32e4d2}</UniqueIdentifier>
    </Filter>
    <Filter Include="Form Files\Game Objects">
      <UniqueIdentifier>{1b6f3b9a-91d3-4ea9-b2f7-dd458ac47e2b}</UniqueIdentifier>
    </Filter>
    <Filter Include="Widgets\Game Objects">
      <UniqueIdentifier>{3f5ea57d-0e2f-4bf5-9c9d-0b1041318707}</UniqueIdentifier>
    </Filter>
    <Filter Include="Dialogs\Game Objects">
      <UniqueIdentifier>{c6bead60-0453-42c5-88ee-b8964b07440c}</UniqueIdentifier>
    </Filter>
    <Filter Include="Proxy Filters">
      <UniqueIdentifier>{a48111d4-b56a-441d-818b-6a9211eabb53}</UniqueIdentifier>
    </Filter>
    <Filter Include="Form Files\Custom Widgets">
      <UniqueIdentifier>{92902285-889b-4dc1-9637-ac246080e199}</UniqueIdentifier>
    </Filter>
    <Filter Include="Widgets\Custom">
      <UniqueIdentifier>{51fc82aa-0129-4f24-80e8-2510b2eb3821}</UniqueIdentifier>
    </Filter>
    <Filter Include="Form Files\Code Editor">
      <UniqueIdentifier>{bb3c206e-312f-41ff-ae97-73d63febadcc}</UniqueIdentifier>
    </Filter>
    <Filter Include="Widgets\Code Editor">
      <UniqueIdentifier>{5fcb2edd-e365-4d9b-9baa-ecc94c970176}</UniqueIdentifier>
    </Filter>
    <Filter Include="Widgets\Raw Game Assets">
      <UniqueIdentifier>{78caed64-8326-4194-9129-0162b8bea0d4}</UniqueIdentifier>
    </Filter>
    <Filter Include="Form Files\Game Assets">
      <UniqueIdentifier>{8edb51cf-b0e9-44d2-928a-ae0d1fac7a2e}</UniqueIdentifier>
    </Filter>
    <Filter Include="Widgets\Game Assets">
      <UniqueIdentifier>{84f79031-ffdd-4cf4-8025-8218d79aa0a4}</UniqueIdentifier>
    </Filter>
    <Filter Include="Resource Files\Images">
      <UniqueIdentifier>{04bff0d1-61eb-47b3-83fd-f60f49ef0e0e}</UniqueIdentifier>
    </Filter>
    <Filter Include="Form Files\Project">
      <UniqueIdentifier>{4679370c-8899-42e6-804f-343125d674b0}</UniqueIdentifier>
    </Filter>
    <Filter Include="Widgets\Project">
      <UniqueIdentifier>{20fe9b2e-5b5f-4a4d-aa2d-408fd21eb9a6}</UniqueIdentifier>
    </Filter>
    <Filter Include="Dialogs\Project">
      <UniqueIdentifier>{d5f3fd54-c847-476a-9eba-71a891b7ec9d}</UniqueIdentifier>
    </Filter>
  </ItemGroup>
  <ItemGroup>
    <ClCompile Include="GeneratedFiles\qrc_aengine_editor.cpp">
      <Filter>Generated Files</Filter>
    </ClCompile>
    <ClCompile Include="main.cpp" />
    <ClCompile Include="Engine Viewer\EngineViewer.cpp">
      <Filter>Engine Viewer</Filter>
    </ClCompile>
    <ClCompile Include="Dialogs\Raw Game Assets\NewRawGameAssetDialog.cpp">
      <Filter>Dialogs\Raw Game Assets</Filter>
    </ClCompile>
    <ClCompile Include="Widgets\Game Object\GameObjectBaseInformationWidget.cpp">
      <Filter>Widgets\Game Objects</Filter>
    </ClCompile>
    <ClCompile Include="GeneratedFiles\Debug\moc_GameObjectBaseInformationWidget.cpp">
      <Filter>Generated Files\Debug</Filter>
    </ClCompile>
    <ClCompile Include="GeneratedFiles\Release\moc_GameObjectBaseInformationWidget.cpp">
      <Filter>Generated Files\Release</Filter>
    </ClCompile>
    <ClCompile Include="Widgets\Game Object\GameObjectTransformationWidget.cpp">
      <Filter>Widgets\Game Objects</Filter>
    </ClCompile>
    <ClCompile Include="GeneratedFiles\Debug\moc_GameObjectTransformationWidget.cpp">
      <Filter>Generated Files\Debug</Filter>
    </ClCompile>
    <ClCompile Include="GeneratedFiles\Release\moc_GameObjectTransformationWidget.cpp">
      <Filter>Generated Files\Release</Filter>
    </ClCompile>
    <ClCompile Include="Dialogs\Game Objects\GameObjectAddComponentDialog.cpp">
      <Filter>Dialogs\Game Objects</Filter>
    </ClCompile>
    <ClCompile Include="GeneratedFiles\Debug\moc_NewRawGameAssetDialog.cpp">
      <Filter>Generated Files\Debug</Filter>
    </ClCompile>
    <ClCompile Include="GeneratedFiles\Release\moc_NewRawGameAssetDialog.cpp">
      <Filter>Generated Files\Release</Filter>
    </ClCompile>
    <ClCompile Include="GeneratedFiles\Debug\moc_GameObjectAddComponentDialog.cpp">
      <Filter>Generated Files\Debug</Filter>
    </ClCompile>
    <ClCompile Include="GeneratedFiles\Release\moc_GameObjectAddComponentDialog.cpp">
      <Filter>Generated Files\Release</Filter>
    </ClCompile>
    <ClCompile Include="Widgets\Game Object\GameObjectMeshComponentWidget.cpp">
      <Filter>Widgets\Game Objects</Filter>
    </ClCompile>
    <ClCompile Include="GeneratedFiles\Debug\moc_GameObjectMeshComponentWidget.cpp">
      <Filter>Generated Files\Debug</Filter>
    </ClCompile>
    <ClCompile Include="GeneratedFiles\Release\moc_GameObjectMeshComponentWidget.cpp">
      <Filter>Generated Files\Release</Filter>
    </ClCompile>
    <ClCompile Include="Proxy Filters\StringProxyFilterModel.cpp">
      <Filter>Proxy Filters</Filter>
    </ClCompile>
    <ClCompile Include="Dialogs\Game Objects\GameObjectSelectAssetDialog.cpp">
      <Filter>Dialogs\Game Objects</Filter>
    </ClCompile>
    <ClCompile Include="GeneratedFiles\Debug\moc_GameObjectSelectAssetDialog.cpp">
      <Filter>Generated Files\Debug</Filter>
    </ClCompile>
    <ClCompile Include="GeneratedFiles\Release\moc_GameObjectSelectAssetDialog.cpp">
      <Filter>Generated Files\Release</Filter>
    </ClCompile>
    <ClCompile Include="Widgets\Game Object\GameObjectMaterialComponentsWidget.cpp">
      <Filter>Widgets\Game Objects</Filter>
    </ClCompile>
    <ClCompile Include="GeneratedFiles\Debug\moc_GameObjectMaterialComponentsWidget.cpp">
      <Filter>Generated Files\Debug</Filter>
    </ClCompile>
    <ClCompile Include="GeneratedFiles\Release\moc_GameObjectMaterialComponentsWidget.cpp">
      <Filter>Generated Files\Release</Filter>
    </ClCompile>
    <ClCompile Include="GeneratedFiles\Debug\moc_ShaderPropertyTreeWidget.cpp">
      <Filter>Generated Files\Debug</Filter>
    </ClCompile>
    <ClCompile Include="GeneratedFiles\Release\moc_ShaderPropertyTreeWidget.cpp">
      <Filter>Generated Files\Release</Filter>
    </ClCompile>
    <ClCompile Include="Widgets\Custom\ShaderPropertyTreeWidget.cpp">
      <Filter>Widgets\Custom</Filter>
    </ClCompile>
    <ClCompile Include="Widgets\Custom\SelectAssetTextBoxWidget.cpp">
      <Filter>Widgets\Custom</Filter>
    </ClCompile>
    <ClCompile Include="GeneratedFiles\Debug\moc_SelectAssetTextBoxWidget.cpp">
      <Filter>Generated Files\Debug</Filter>
    </ClCompile>
    <ClCompile Include="GeneratedFiles\Release\moc_SelectAssetTextBoxWidget.cpp">
      <Filter>Generated Files\Release</Filter>
    </ClCompile>
    <ClCompile Include="Dialogs\Game Objects\GameObjectShaderPropsDialog.cpp">
      <Filter>Dialogs\Game Objects</Filter>
    </ClCompile>
    <ClCompile Include="GeneratedFiles\Debug\moc_GameObjectShaderPropsDialog.cpp">
      <Filter>Generated Files\Debug</Filter>
    </ClCompile>
    <ClCompile Include="GeneratedFiles\Release\moc_GameObjectShaderPropsDialog.cpp">
      <Filter>Generated Files\Release</Filter>
    </ClCompile>
    <ClCompile Include="Widgets\Code Editor\CodeEditorMainWindow.cpp">
      <Filter>Widgets\Code Editor</Filter>
    </ClCompile>
    <ClCompile Include="GeneratedFiles\Debug\moc_CodeEditorMainWindow.cpp">
      <Filter>Generated Files\Debug</Filter>
    </ClCompile>
    <ClCompile Include="GeneratedFiles\Release\moc_CodeEditorMainWindow.cpp">
      <Filter>Generated Files\Release</Filter>
    </ClCompile>
    <ClCompile Include="Widgets\Code Editor\CodeEditorTextEdit.cpp">
      <Filter>Widgets\Code Editor</Filter>
    </ClCompile>
    <ClCompile Include="GeneratedFiles\Debug\moc_CodeEditorTextEdit.cpp">
      <Filter>Generated Files\Debug</Filter>
    </ClCompile>
    <ClCompile Include="GeneratedFiles\Release\moc_CodeEditorTextEdit.cpp">
      <Filter>Generated Files\Release</Filter>
    </ClCompile>
    <ClCompile Include="Widgets\Code Editor\LineNumberCodeEditor.cpp">
      <Filter>Widgets\Code Editor</Filter>
    </ClCompile>
    <ClCompile Include="Widgets\Code Editor\CodeSyntaxHighlighter.cpp">
      <Filter>Widgets\Code Editor</Filter>
    </ClCompile>
    <ClCompile Include="GeneratedFiles\Debug\moc_CodeSyntaxHighlighter.cpp">
      <Filter>Generated Files\Debug</Filter>
    </ClCompile>
    <ClCompile Include="GeneratedFiles\Release\moc_CodeSyntaxHighlighter.cpp">
      <Filter>Generated Files\Release</Filter>
    </ClCompile>
    <ClCompile Include="Widgets\Raw Game Assets\RawGameAssetTreeWidget.cpp">
      <Filter>Widgets\Raw Game Assets</Filter>
    </ClCompile>
    <ClCompile Include="GeneratedFiles\Debug\moc_RawGameAssetTreeWidget.cpp">
      <Filter>Generated Files\Debug</Filter>
    </ClCompile>
    <ClCompile Include="GeneratedFiles\Release\moc_RawGameAssetTreeWidget.cpp">
      <Filter>Generated Files\Release</Filter>
    </ClCompile>
    <ClCompile Include="Widgets\Game Assets\GameAssetTreeWidget.cpp">
      <Filter>Widgets\Game Assets</Filter>
    </ClCompile>
    <ClCompile Include="GeneratedFiles\Debug\moc_GameAssetTreeWidget.cpp">
      <Filter>Generated Files\Debug</Filter>
    </ClCompile>
    <ClCompile Include="GeneratedFiles\Release\moc_GameAssetTreeWidget.cpp">
      <Filter>Generated Files\Release</Filter>
    </ClCompile>
    <ClCompile Include="Widgets\Game Object\GameObjectTreeWidget.cpp">
      <Filter>Widgets\Game Objects</Filter>
    </ClCompile>
    <ClCompile Include="GeneratedFiles\Debug\moc_GameObjectTreeWidget.cpp">
      <Filter>Generated Files\Debug</Filter>
    </ClCompile>
    <ClCompile Include="GeneratedFiles\Release\moc_GameObjectTreeWidget.cpp">
      <Filter>Generated Files\Release</Filter>
    </ClCompile>
    <ClCompile Include="Widgets\Game Object\GameObjectPropsTreeWidget.cpp">
      <Filter>Widgets\Game Objects</Filter>
    </ClCompile>
    <ClCompile Include="GeneratedFiles\Debug\moc_GameObjectPropsTreeWidget.cpp">
      <Filter>Generated Files\Debug</Filter>
    </ClCompile>
    <ClCompile Include="GeneratedFiles\Release\moc_GameObjectPropsTreeWidget.cpp">
      <Filter>Generated Files\Release</Filter>
    </ClCompile>
    <ClCompile Include="Widgets\Game Object\GameObjectLightComponentWidget.cpp">
      <Filter>Widgets\Game Objects</Filter>
    </ClCompile>
    <ClCompile Include="GeneratedFiles\Debug\moc_GameObjectLightComponentWidget.cpp">
      <Filter>Generated Files\Debug</Filter>
    </ClCompile>
    <ClCompile Include="GeneratedFiles\Release\moc_GameObjectLightComponentWidget.cpp">
      <Filter>Generated Files\Release</Filter>
    </ClCompile>
    <ClCompile Include="Widgets\Game Object\GameObjectMeshAnimationComponentWidget.cpp">
      <Filter>Widgets\Game Objects</Filter>
    </ClCompile>
    <ClCompile Include="GeneratedFiles\Debug\moc_GameObjectMeshAnimationComponentWidget.cpp">
      <Filter>Generated Files\Debug</Filter>
    </ClCompile>
    <ClCompile Include="GeneratedFiles\Release\moc_GameObjectMeshAnimationComponentWidget.cpp">
      <Filter>Generated Files\Release</Filter>
    </ClCompile>
    <ClCompile Include="Widgets\Game Object\GameObjectScriptComponentWidget.cpp">
      <Filter>Widgets\Game Objects</Filter>
    </ClCompile>
    <ClCompile Include="GeneratedFiles\Debug\moc_GameObjectScriptComponentWidget.cpp">
      <Filter>Generated Files\Debug</Filter>
    </ClCompile>
    <ClCompile Include="GeneratedFiles\Release\moc_GameObjectScriptComponentWidget.cpp">
      <Filter>Generated Files\Release</Filter>
    </ClCompile>
    <ClCompile Include="Widgets\Custom\GameObjectScriptPropertyWidget.cpp">
      <Filter>Widgets\Custom</Filter>
    </ClCompile>
    <ClCompile Include="GeneratedFiles\Debug\moc_GameObjectScriptPropertyWidget.cpp">
      <Filter>Generated Files\Debug</Filter>
    </ClCompile>
    <ClCompile Include="GeneratedFiles\Release\moc_GameObjectScriptPropertyWidget.cpp">
      <Filter>Generated Files\Release</Filter>
    </ClCompile>
    <ClCompile Include="Widgets\Game Object\GameObjectCameraComponentWidget.cpp">
      <Filter>Widgets\Game Objects</Filter>
    </ClCompile>
    <ClCompile Include="GeneratedFiles\Debug\moc_GameObjectCameraComponentWidget.cpp">
      <Filter>Generated Files\Debug</Filter>
    </ClCompile>
    <ClCompile Include="GeneratedFiles\Release\moc_GameObjectCameraComponentWidget.cpp">
      <Filter>Generated Files\Release</Filter>
    </ClCompile>
    <ClCompile Include="Widgets\Game Object\GameObjectAudioListenerComponentWidget.cpp">
      <Filter>Widgets\Game Objects</Filter>
    </ClCompile>
    <ClCompile Include="GeneratedFiles\Debug\moc_GameObjectAudioListenerComponentWidget.cpp">
      <Filter>Generated Files\Debug</Filter>
    </ClCompile>
    <ClCompile Include="GeneratedFiles\Release\moc_GameObjectAudioListenerComponentWidget.cpp">
      <Filter>Generated Files\Release</Filter>
    </ClCompile>
    <ClCompile Include="Widgets\Game Object\GameObjectAudioSourceComponentWidget.cpp">
      <Filter>Widgets\Game Objects</Filter>
    </ClCompile>
    <ClCompile Include="GeneratedFiles\Debug\moc_GameObjectAudioSourceComponentWidget.cpp">
      <Filter>Generated Files\Debug</Filter>
    </ClCompile>
    <ClCompile Include="GeneratedFiles\Release\moc_GameObjectAudioSourceComponentWidget.cpp">
      <Filter>Generated Files\Release</Filter>
    </ClCompile>
    <ClCompile Include="GeneratedFiles\Debug\moc_GameObjectRigidBodyComponentWidget.cpp">
      <Filter>Generated Files\Debug</Filter>
    </ClCompile>
    <ClCompile Include="GeneratedFiles\Release\moc_GameObjectRigidBodyComponentWidget.cpp">
      <Filter>Generated Files\Release</Filter>
    </ClCompile>
    <ClCompile Include="Widgets\Game Object\GameObjectRigidBodyComponentWidget.cpp">
      <Filter>Widgets\Game Objects</Filter>
    </ClCompile>
    <ClCompile Include="Widgets\Game Object\GameObjectBoxColliderComponentWidget.cpp">
      <Filter>Widgets\Game Objects</Filter>
    </ClCompile>
    <ClCompile Include="GeneratedFiles\Debug\moc_GameObjectBoxColliderComponentWidget.cpp">
      <Filter>Generated Files\Debug</Filter>
    </ClCompile>
    <ClCompile Include="GeneratedFiles\Release\moc_GameObjectBoxColliderComponentWidget.cpp">
      <Filter>Generated Files\Release</Filter>
    </ClCompile>
    <ClCompile Include="Widgets\Game Object\GameObjectSphereColliderComponentWidget.cpp">
      <Filter>Widgets\Game Objects</Filter>
    </ClCompile>
    <ClCompile Include="GeneratedFiles\Debug\moc_GameObjectSphereColliderComponentWidget.cpp">
      <Filter>Generated Files\Debug</Filter>
    </ClCompile>
    <ClCompile Include="GeneratedFiles\Release\moc_GameObjectSphereColliderComponentWidget.cpp">
      <Filter>Generated Files\Release</Filter>
    </ClCompile>
    <ClCompile Include="Widgets\Project\ProjectSelectionWidget.cpp">
      <Filter>Widgets\Project</Filter>
    </ClCompile>
    <ClCompile Include="GeneratedFiles\Debug\moc_ProjectSelectionWidget.cpp">
      <Filter>Generated Files\Debug</Filter>
    </ClCompile>
    <ClCompile Include="GeneratedFiles\Release\moc_ProjectSelectionWidget.cpp">
      <Filter>Generated Files\Release</Filter>
    </ClCompile>
    <ClCompile Include="GeneratedFiles\Debug\moc_NewProjectDialog.cpp">
      <Filter>Generated Files\Debug</Filter>
    </ClCompile>
    <ClCompile Include="GeneratedFiles\Release\moc_NewProjectDialog.cpp">
      <Filter>Generated Files\Release</Filter>
    </ClCompile>
    <ClCompile Include="Dialogs\Project\NewProjectDialog.cpp">
      <Filter>Dialogs\Project</Filter>
    </ClCompile>
    <ClCompile Include="Dialogs\Project\LoadProjectDialog.cpp">
      <Filter>Dialogs\Project</Filter>
    </ClCompile>
    <ClCompile Include="GeneratedFiles\Debug\moc_LoadProjectDialog.cpp">
      <Filter>Generated Files\Debug</Filter>
    </ClCompile>
    <ClCompile Include="GeneratedFiles\Release\moc_LoadProjectDialog.cpp">
      <Filter>Generated Files\Release</Filter>
    </ClCompile>
    <ClCompile Include="Utils\AEQTDefs.cpp">
      <Filter>Utils</Filter>
    </ClCompile>
    <ClCompile Include="GeneratedFiles\Debug\moc_aengine_editor.cpp">
      <Filter>Generated Files\Debug</Filter>
    </ClCompile>
    <ClCompile Include="GeneratedFiles\Release\moc_aengine_editor.cpp">
      <Filter>Generated Files\Release</Filter>
    </ClCompile>
    <ClCompile Include="aengine_editor.cpp" />
    <ClCompile Include="Widgets\Engine\AEngineViewerWidget.cpp">
      <Filter>Widgets\Engine</Filter>
    </ClCompile>
    <ClCompile Include="GeneratedFiles\Debug\moc_AEngineViewerWidget.cpp">
      <Filter>Generated Files\Debug</Filter>
    </ClCompile>
    <ClCompile Include="GeneratedFiles\Release\moc_AEngineViewerWidget.cpp">
      <Filter>Generated Files\Release</Filter>
    </ClCompile>
  </ItemGroup>
  <ItemGroup>
    <CustomBuild Include="aengine_editor.qrc">
      <Filter>Resource Files</Filter>
    </CustomBuild>
    <CustomBuild Include="Dialogs\Raw Game Assets\NewRawGameAssetDialog.h">
      <Filter>Dialogs\Raw Game Assets</Filter>
    </CustomBuild>
    <CustomBuild Include="Widgets\Game Object\GameObjectBaseInformationWidget.h">
      <Filter>Widgets\Game Objects</Filter>
    </CustomBuild>
    <CustomBuild Include="Widgets\Game Object\GameObjectTransformationWidget.h">
      <Filter>Widgets\Game Objects</Filter>
    </CustomBuild>
    <CustomBuild Include="Dialogs\Game Objects\GameObjectAddComponentDialog.h">
      <Filter>Dialogs\Game Objects</Filter>
    </CustomBuild>
    <CustomBuild Include="Widgets\Game Object\GameObjectMeshComponentWidget.h">
      <Filter>Widgets\Game Objects</Filter>
    </CustomBuild>
    <CustomBuild Include="Dialogs\Game Objects\GameObjectSelectAssetDialog.h">
      <Filter>Dialogs\Game Objects</Filter>
    </CustomBuild>
    <CustomBuild Include="Widgets\Game Object\GameObjectMaterialComponentsWidget.h">
      <Filter>Widgets\Game Objects</Filter>
    </CustomBuild>
    <CustomBuild Include="Widgets\Custom\ShaderPropertyTreeWidget.h">
      <Filter>Widgets\Custom</Filter>
    </CustomBuild>
    <CustomBuild Include="Widgets\Custom\SelectAssetTextBoxWidget.h">
      <Filter>Widgets\Custom</Filter>
    </CustomBuild>
    <CustomBuild Include="Dialogs\Game Objects\GameObjectShaderPropsDialog.h">
      <Filter>Dialogs\Game Objects</Filter>
    </CustomBuild>
    <CustomBuild Include="Widgets\Code Editor\CodeEditorMainWindow.h">
      <Filter>Widgets\Code Editor</Filter>
    </CustomBuild>
    <CustomBuild Include="Widgets\Code Editor\CodeEditorTextEdit.h">
      <Filter>Widgets\Code Editor</Filter>
    </CustomBuild>
    <CustomBuild Include="Widgets\Code Editor\CodeSyntaxHighlighter.h">
      <Filter>Widgets\Code Editor</Filter>
    </CustomBuild>
    <CustomBuild Include="Widgets\Code Editor\LineNumberCodeEditor.h">
      <Filter>Widgets\Code Editor</Filter>
    </CustomBuild>
    <CustomBuild Include="Widgets\Raw Game Assets\RawGameAssetTreeWidget.h">
      <Filter>Widgets\Raw Game Assets</Filter>
    </CustomBuild>
    <CustomBuild Include="Widgets\Game Assets\GameAssetTreeWidget.h">
      <Filter>Widgets\Game Assets</Filter>
    </CustomBuild>
    <CustomBuild Include="Widgets\Game Object\GameObjectTreeWidget.h">
      <Filter>Widgets\Game Objects</Filter>
    </CustomBuild>
    <CustomBuild Include="Widgets\Game Object\GameObjectPropsTreeWidget.h">
      <Filter>Widgets\Game Objects</Filter>
    </CustomBuild>
    <CustomBuild Include="Widgets\Game Object\GameObjectLightComponentWidget.h">
      <Filter>Widgets\Game Objects</Filter>
    </CustomBuild>
    <CustomBuild Include="Widgets\Game Object\GameObjectMeshAnimationComponentWidget.h">
      <Filter>Widgets\Game Objects</Filter>
    </CustomBuild>
    <CustomBuild Include="Widgets\Game Object\GameObjectScriptComponentWidget.h">
      <Filter>Widgets\Game Objects</Filter>
    </CustomBuild>
    <CustomBuild Include="Widgets\Custom\GameObjectScriptPropertyWidget.h">
      <Filter>Widgets\Custom</Filter>
    </CustomBuild>
    <CustomBuild Include="Widgets\Game Object\GameObjectCameraComponentWidget.h">
      <Filter>Widgets\Game Objects</Filter>
    </CustomBuild>
    <CustomBuild Include="Widgets\Game Object\GameObjectAudioListenerComponentWidget.h">
      <Filter>Widgets\Game Objects</Filter>
    </CustomBuild>
    <CustomBuild Include="Widgets\Game Object\GameObjectAudioSourceComponentWidget.h">
      <Filter>Widgets\Game Objects</Filter>
    </CustomBuild>
    <CustomBuild Include="Form Files\Game Objects\GameObjectBaseInformationWidgetQt.ui">
      <Filter>Form Files\Game Objects</Filter>
    </CustomBuild>
    <CustomBuild Include="Form Files\Game Objects\GameObjectCameraComponentWidgetQt.ui">
      <Filter>Form Files\Game Objects</Filter>
    </CustomBuild>
    <CustomBuild Include="Form Files\Game Objects\GameObjectLightComponentWidgetQt.ui">
      <Filter>Form Files\Game Objects</Filter>
    </CustomBuild>
    <CustomBuild Include="Form Files\Game Objects\GameObjectMaterialComponentsWidgetQt.ui">
      <Filter>Form Files\Game Objects</Filter>
    </CustomBuild>
    <CustomBuild Include="Form Files\Game Objects\GameObjectMeshAnimationComponentWidgetQt.ui">
      <Filter>Form Files\Game Objects</Filter>
    </CustomBuild>
    <CustomBuild Include="Form Files\Game Objects\GameObjectMeshComponentWidgetQt.ui">
      <Filter>Form Files\Game Objects</Filter>
    </CustomBuild>
    <CustomBuild Include="Form Files\Game Objects\GameObjectScriptComponentWidgetQt.ui">
      <Filter>Form Files\Game Objects</Filter>
    </CustomBuild>
    <CustomBuild Include="Form Files\Game Objects\GameObjectSelectAssetDialogQt.ui">
      <Filter>Form Files\Game Objects</Filter>
    </CustomBuild>
    <CustomBuild Include="Form Files\Game Objects\GameObjectShaderPropsDialogQt.ui">
      <Filter>Form Files\Game Objects</Filter>
    </CustomBuild>
    <CustomBuild Include="Form Files\Game Objects\GameObjectTransformationWidgetQt.ui">
      <Filter>Form Files\Game Objects</Filter>
    </CustomBuild>
    <CustomBuild Include="Form Files\Game Objects\GameObjectAddComponentDialogQt.ui">
      <Filter>Form Files\Game Objects</Filter>
    </CustomBuild>
    <CustomBuild Include="Form Files\Game Objects\GameObjectAudioListenerComponentWidgetQt.ui">
      <Filter>Form Files\Game Objects</Filter>
    </CustomBuild>
    <CustomBuild Include="Form Files\Game Objects\GameObjectAudioSourceComponentWidgetQt.ui">
      <Filter>Form Files\Game Objects</Filter>
    </CustomBuild>
    <CustomBuild Include="Form Files\Raw Game Assets\NewRawGameAssetDialogQt.ui">
      <Filter>Form Files\Raw Game Assets</Filter>
    </CustomBuild>
    <CustomBuild Include="Form Files\Custom Widgets\SelectAssetTextBoxWidgetQt.ui">
      <Filter>Form Files\Custom Widgets</Filter>
    </CustomBuild>
    <CustomBuild Include="Form Files\Code Editor\CodeEditorMainWindowQt.ui">
      <Filter>Form Files\Code Editor</Filter>
    </CustomBuild>
    <CustomBuild Include="Form Files\Game Objects\GameObjectRigidBodyComponentWidgetQt.ui">
      <Filter>Form Files\Game Objects</Filter>
    </CustomBuild>
    <CustomBuild Include="Widgets\Game Object\GameObjectRigidBodyComponentWidget.h">
      <Filter>Widgets\Game Objects</Filter>
    </CustomBuild>
    <CustomBuild Include="Form Files\Game Objects\GameObjectBoxColliderComponentWidgetQt.ui">
      <Filter>Form Files\Game Objects</Filter>
    </CustomBuild>
    <CustomBuild Include="Form Files\Game Objects\GameObjectSphereColliderComponentWidgetQt.ui">
      <Filter>Form Files\Game Objects</Filter>
    </CustomBuild>
    <CustomBuild Include="Widgets\Game Object\GameObjectBoxColliderComponentWidget.h">
      <Filter>Widgets\Game Objects</Filter>
    </CustomBuild>
    <CustomBuild Include="Widgets\Game Object\GameObjectSphereColliderComponentWidget.h">
      <Filter>Widgets\Game Objects</Filter>
    </CustomBuild>
    <CustomBuild Include="Form Files\Project\ProjectSelectionWidgetQt.ui">
      <Filter>Form Files\Project</Filter>
    </CustomBuild>
    <CustomBuild Include="Widgets\Project\ProjectSelectionWidget.h">
      <Filter>Widgets\Project</Filter>
    </CustomBuild>
    <CustomBuild Include="Form Files\Project\NewProjectDialogQt.ui">
      <Filter>Form Files\Project</Filter>
    </CustomBuild>
    <CustomBuild Include="Dialogs\Project\NewProjectDialog.h">
      <Filter>Dialogs\Project</Filter>
    </CustomBuild>
    <CustomBuild Include="Form Files\Project\LoadProjectDialogQt.ui">
      <Filter>Form Files\Project</Filter>
    </CustomBuild>
    <CustomBuild Include="Dialogs\Project\LoadProjectDialog.h">
      <Filter>Dialogs\Project</Filter>
    </CustomBuild>
    <CustomBuild Include="Form Files\aengine_editor.ui">
      <Filter>Form Files</Filter>
    </CustomBuild>
    <CustomBuild Include="aengine_editor.h" />
    <CustomBuild Include="Widgets\Engine\AEngineViewerWidget.h">
      <Filter>Widgets\Engine</Filter>
    </CustomBuild>
  </ItemGroup>
  <ItemGroup>
    <ClInclude Include="Engine Viewer\EngineViewer.h">
      <Filter>Engine Viewer</Filter>
    </ClInclude>
    <ClInclude Include="Proxy Filters\StringProxyFilterModel.h">
      <Filter>Proxy Filters</Filter>
    </ClInclude>
    <ClInclude Include="GeneratedFiles\ui_GameObjectBaseInformationWidgetQt.h">
      <Filter>Generated Files</Filter>
    </ClInclude>
    <ClInclude Include="GeneratedFiles\ui_GameObjectCameraComponentWidgetQt.h">
      <Filter>Generated Files</Filter>
    </ClInclude>
    <ClInclude Include="GeneratedFiles\ui_GameObjectLightComponentWidgetQt.h">
      <Filter>Generated Files</Filter>
    </ClInclude>
    <ClInclude Include="GeneratedFiles\ui_GameObjectMaterialComponentsWidgetQt.h">
      <Filter>Generated Files</Filter>
    </ClInclude>
    <ClInclude Include="GeneratedFiles\ui_GameObjectMeshAnimationComponentWidgetQt.h">
      <Filter>Generated Files</Filter>
    </ClInclude>
    <ClInclude Include="GeneratedFiles\ui_GameObjectMeshComponentWidgetQt.h">
      <Filter>Generated Files</Filter>
    </ClInclude>
    <ClInclude Include="GeneratedFiles\ui_GameObjectScriptComponentWidgetQt.h">
      <Filter>Generated Files</Filter>
    </ClInclude>
    <ClInclude Include="GeneratedFiles\ui_GameObjectSelectAssetDialogQt.h">
      <Filter>Generated Files</Filter>
    </ClInclude>
    <ClInclude Include="GeneratedFiles\ui_GameObjectShaderPropsDialogQt.h">
      <Filter>Generated Files</Filter>
    </ClInclude>
    <ClInclude Include="GeneratedFiles\ui_GameObjectTransformationWidgetQt.h">
      <Filter>Generated Files</Filter>
    </ClInclude>
    <ClInclude Include="GeneratedFiles\ui_GameObjectAddComponentDialogQt.h">
      <Filter>Generated Files</Filter>
    </ClInclude>
    <ClInclude Include="GeneratedFiles\ui_GameObjectAudioListenerComponentWidgetQt.h">
      <Filter>Generated Files</Filter>
    </ClInclude>
    <ClInclude Include="GeneratedFiles\ui_GameObjectAudioSourceComponentWidgetQt.h">
      <Filter>Generated Files</Filter>
    </ClInclude>
    <ClInclude Include="GeneratedFiles\ui_NewRawGameAssetDialogQt.h">
      <Filter>Generated Files</Filter>
    </ClInclude>
    <ClInclude Include="GeneratedFiles\ui_SelectAssetTextBoxWidgetQt.h">
      <Filter>Generated Files</Filter>
    </ClInclude>
    <ClInclude Include="GeneratedFiles\ui_CodeEditorMainWindowQt.h">
      <Filter>Generated Files</Filter>
    </ClInclude>
    <ClInclude Include="resource.h">
      <Filter>Resource Files</Filter>
    </ClInclude>
    <ClInclude Include="GeneratedFiles\ui_GameObjectRigidBodyComponentWidgetQt.h">
      <Filter>Generated Files</Filter>
    </ClInclude>
    <ClInclude Include="GeneratedFiles\ui_GameObjectBoxColliderComponentWidgetQt.h">
      <Filter>Generated Files</Filter>
    </ClInclude>
    <ClInclude Include="GeneratedFiles\ui_GameObjectSphereColliderComponentWidgetQt.h">
      <Filter>Generated Files</Filter>
    </ClInclude>
    <ClInclude Include="GeneratedFiles\ui_ProjectSelectionWidgetQt.h">
      <Filter>Generated Files</Filter>
    </ClInclude>
    <ClInclude Include="GeneratedFiles\ui_NewProjectDialogQt.h">
      <Filter>Generated Files</Filter>
    </ClInclude>
    <ClInclude Include="GeneratedFiles\ui_LoadProjectDialogQt.h">
      <Filter>Generated Files</Filter>
    </ClInclude>
    <ClInclude Include="Utils\AEQTDefs.h">
      <Filter>Utils</Filter>
    </ClInclude>
    <ClInclude Include="GeneratedFiles\ui_aengine_editor.h">
      <Filter>Generated Files</Filter>
    </ClInclude>
  </ItemGroup>
  <ItemGroup>
    <Image Include="Resources\Images\branch-closeblue.png">
      <Filter>Resource Files\Images</Filter>
    </Image>
    <Image Include="Resources\Images\branch-closegrey.png">
      <Filter>Resource Files\Images</Filter>
    </Image>
    <Image Include="Resources\Images\branch-openblue.png">
      <Filter>Resource Files\Images</Filter>
    </Image>
    <Image Include="Resources\Images\branch-opengrey.png">
      <Filter>Resource Files\Images</Filter>
    </Image>
    <Image Include="Resources\Images\floppy_disk_save_128x128.png">
      <Filter>Resource Files\Images</Filter>
    </Image>
    <Image Include="Resources\Images\button_black_play.png">
      <Filter>Resource Files\Images</Filter>
    </Image>
    <Image Include="Resources\Images\button_black_stop.png">
      <Filter>Resource Files\Images</Filter>
    </Image>
    <Image Include="Resources\Images\button_black_pause.png">
      <Filter>Resource Files\Images</Filter>
    </Image>
  </ItemGroup>
  <ItemGroup>
    <ResourceCompile Include="AEngine_Editor.rc" />
  </ItemGroup>
</Project>