<?xml version="1.0" encoding="utf-8"?>
<Project ToolsVersion="4.0" xmlns="http://schemas.microsoft.com/developer/msbuild/2003">
  <ItemGroup>
    <ClCompile Include="main.cpp" />
    <ClCompile Include="EditorViewer.cpp" />
    <ClCompile Include="precomp_editor.cpp" />
  </ItemGroup>
  <ItemGroup>
    <ClInclude Include="EditorViewer.h" />
    <ClInclude Include="precomp_editor.h" />
  </ItemGroup>
  <ItemGroup>
    <Filter Include="UI">
      <UniqueIdentifier>{5121bd02-55e7-4509-9b78-16ca0e7eb3b4}</UniqueIdentifier>
    </Filter>
    <Filter Include="UI\Main Menu">
      <UniqueIdentifier>{f05ef449-da5b-441d-a96e-b4084b2567ed}</UniqueIdentifier>
    </Filter>
    <Filter Include="UI\Widgets">
      <UniqueIdentifier>{50e3108a-048b-4a88-9bc0-513034c6806c}</UniqueIdentifier>
    </Filter>
    <Filter Include="UI\Widgets\Render">
      <UniqueIdentifier>{8e9dfcc6-6191-457b-83de-d1736b72c0f6}</UniqueIdentifier>
    </Filter>
  </ItemGroup>
</Project>